
Microsoft Visual Studio Solution File, Format Version 12.00
# Visual Studio 15
Project("{FAE04EC0-301F-11D3-BF4B-00C04F79EFBC}") = "Exercise01", "Exercise01\Exercise01.csproj", "{2545C176-8EAE-4D87-9057-8DB5F6A40BB0}"
EndProject
Project("{FAE04EC0-301F-11D3-BF4B-00C04F79EFBC}") = "Library", "Library\Library.csproj", "{E6589B8E-4328-4B68-8118-634786894CC9}"
EndProject
Project("{FAE04EC0-301F-11D3-BF4B-00C04F79EFBC}") = "Exercise02", "Exercise02\Exercise02.csproj", "{48735D8D-68DF-429D-8955-B7257683DA8C}"
EndProject
Project("{FAE04EC0-301F-11D3-BF4B-00C04F79EFBC}") = "Exercise03", "Exercise03\Exercise03.csproj", "{0CE01D3E-2537-4643-B154-8E97994C6D96}"
EndProject
Global
	GlobalSection(SolutionConfigurationPlatforms) = preSolution
		Debug|x86 = Debug|x86
		Release|x86 = Release|x86
	EndGlobalSection
	GlobalSection(ProjectConfigurationPlatforms) = postSolution
		{2545C176-8EAE-4D87-9057-8DB5F6A40BB0}.Debug|x86.ActiveCfg = Debug|x86
		{2545C176-8EAE-4D87-9057-8DB5F6A40BB0}.Debug|x86.Build.0 = Debug|x86
		{2545C176-8EAE-4D87-9057-8DB5F6A40BB0}.Release|x86.ActiveCfg = Release|x86
		{2545C176-8EAE-4D87-9057-8DB5F6A40BB0}.Release|x86.Build.0 = Release|x86
		{E6589B8E-4328-4B68-8118-634786894CC9}.Debug|x86.ActiveCfg = Debug|Any CPU
		{E6589B8E-4328-4B68-8118-634786894CC9}.Debug|x86.Build.0 = Debug|Any CPU
		{E6589B8E-4328-4B68-8118-634786894CC9}.Release|x86.ActiveCfg = Release|Any CPU
		{E6589B8E-4328-4B68-8118-634786894CC9}.Release|x86.Build.0 = Release|Any CPU
		{48735D8D-68DF-429D-8955-B7257683DA8C}.Debug|x86.ActiveCfg = Debug|x86
		{48735D8D-68DF-429D-8955-B7257683DA8C}.Debug|x86.Build.0 = Debug|x86
		{48735D8D-68DF-429D-8955-B7257683DA8C}.Release|x86.ActiveCfg = Release|x86
		{48735D8D-68DF-429D-8955-B7257683DA8C}.Release|x86.Build.0 = Release|x86
		{0CE01D3E-2537-4643-B154-8E97994C6D96}.Debug|x86.ActiveCfg = Debug|x86
		{0CE01D3E-2537-4643-B154-8E97994C6D96}.Debug|x86.Build.0 = Debug|x86
		{0CE01D3E-2537-4643-B154-8E97994C6D96}.Release|x86.ActiveCfg = Release|x86
		{0CE01D3E-2537-4643-B154-8E97994C6D96}.Release|x86.Build.0 = Release|x86
	EndGlobalSection
EndGlobal
